// !$*UTF8*$!
{
	archiveVersion = 1;
	classes = {
	};
	objectVersion = 48;
	objects = {

/* Begin PBXBuildFile section */
		CB0DC9D61FC2F9FA001C4277 /* Result.swift in Sources */ = {isa = PBXBuildFile; fileRef = CB0DC9D51FC2F9FA001C4277 /* Result.swift */; };
		CB0DC9DE1FC34DEF001C4277 /* NetworkResourceType.swift in Sources */ = {isa = PBXBuildFile; fileRef = CB0DC9DD1FC34DEF001C4277 /* NetworkResourceType.swift */; };
		CB0DC9E01FC350A9001C4277 /* JSONResourceType.swift in Sources */ = {isa = PBXBuildFile; fileRef = CB0DC9DF1FC350A9001C4277 /* JSONResourceType.swift */; };
		CB0DC9E21FC351E0001C4277 /* ApiResources.swift in Sources */ = {isa = PBXBuildFile; fileRef = CB0DC9E11FC351E0001C4277 /* ApiResources.swift */; };
		CB0DC9E41FC35224001C4277 /* Serialization.swift in Sources */ = {isa = PBXBuildFile; fileRef = CB0DC9E31FC35224001C4277 /* Serialization.swift */; };
		CB0DC9E61FC3FEE3001C4277 /* NetworkTask.swift in Sources */ = {isa = PBXBuildFile; fileRef = CB0DC9E51FC3FEE3001C4277 /* NetworkTask.swift */; };
		CB0DC9E91FC4770C001C4277 /* User.swift in Sources */ = {isa = PBXBuildFile; fileRef = CB0DC9E81FC4770C001C4277 /* User.swift */; };
		CB0DC9EB1FC47D28001C4277 /* ResourceType.swift in Sources */ = {isa = PBXBuildFile; fileRef = CB0DC9EA1FC47D28001C4277 /* ResourceType.swift */; };
		CB0DCA441FCA83B1001C4277 /* Home.storyboard in Resources */ = {isa = PBXBuildFile; fileRef = CB0DCA431FCA83B1001C4277 /* Home.storyboard */; };
		CB0DCA471FCA8402001C4277 /* HomeViewController.swift in Sources */ = {isa = PBXBuildFile; fileRef = CB0DCA461FCA8402001C4277 /* HomeViewController.swift */; };
		CB2BB68D1FCAB0B70073D617 /* Collection.storyboard in Resources */ = {isa = PBXBuildFile; fileRef = CB2BB68C1FCAB0B70073D617 /* Collection.storyboard */; };
		CB2BB68F1FCAB0CC0073D617 /* CollectionViewController.swift in Sources */ = {isa = PBXBuildFile; fileRef = CB2BB68E1FCAB0CC0073D617 /* CollectionViewController.swift */; };
		CB2BB6941FCACAE60073D617 /* FlickrSearchResults.swift in Sources */ = {isa = PBXBuildFile; fileRef = CB2BB6911FCACAE60073D617 /* FlickrSearchResults.swift */; };
		CB2BB6951FCACAE60073D617 /* FlickrPhoto.swift in Sources */ = {isa = PBXBuildFile; fileRef = CB2BB6921FCACAE60073D617 /* FlickrPhoto.swift */; };
		CB2BB6961FCACAE60073D617 /* Flickr.swift in Sources */ = {isa = PBXBuildFile; fileRef = CB2BB6931FCACAE60073D617 /* Flickr.swift */; };
		CB2BB6981FCB95780073D617 /* CollectionFlickrCell.swift in Sources */ = {isa = PBXBuildFile; fileRef = CB2BB6971FCB95780073D617 /* CollectionFlickrCell.swift */; };
		CB4774851FBD593C00ED071A /* VivaApi.swift in Sources */ = {isa = PBXBuildFile; fileRef = CB4774841FBD593C00ED071A /* VivaApi.swift */; };
		CB7C37FD1FB55215001EE28C /* AppDelegate.swift in Sources */ = {isa = PBXBuildFile; fileRef = CB7C37FC1FB55215001EE28C /* AppDelegate.swift */; };
		CB7C37FF1FB55215001EE28C /* FirstViewController.swift in Sources */ = {isa = PBXBuildFile; fileRef = CB7C37FE1FB55215001EE28C /* FirstViewController.swift */; };
		CB7C38041FB55215001EE28C /* Main.storyboard in Resources */ = {isa = PBXBuildFile; fileRef = CB7C38021FB55215001EE28C /* Main.storyboard */; };
		CB7C38061FB55215001EE28C /* Assets.xcassets in Resources */ = {isa = PBXBuildFile; fileRef = CB7C38051FB55215001EE28C /* Assets.xcassets */; };
		CB7C38091FB55215001EE28C /* LaunchScreen.storyboard in Resources */ = {isa = PBXBuildFile; fileRef = CB7C38071FB55215001EE28C /* LaunchScreen.storyboard */; };
		CB7C38141FB55216001EE28C /* Viva1Tests.swift in Sources */ = {isa = PBXBuildFile; fileRef = CB7C38131FB55216001EE28C /* Viva1Tests.swift */; };
		CB7C381F1FB55216001EE28C /* Viva1UITests.swift in Sources */ = {isa = PBXBuildFile; fileRef = CB7C381E1FB55216001EE28C /* Viva1UITests.swift */; };
		CBF0433F200E84DD00DB48AA /* InitialTabBarController.swift in Sources */ = {isa = PBXBuildFile; fileRef = CBF0433D200E839900DB48AA /* InitialTabBarController.swift */; };
		CBF04343200EEABA00DB48AA /* SettingsViewController.swift in Sources */ = {isa = PBXBuildFile; fileRef = CBF04342200EEABA00DB48AA /* SettingsViewController.swift */; };
		CBF0434D2010801000DB48AA /* Constants.swift in Sources */ = {isa = PBXBuildFile; fileRef = CBF0434C2010800F00DB48AA /* Constants.swift */; };
		CBF1C8B62010AC06000F09A6 /* HomeViewInterface.swift in Sources */ = {isa = PBXBuildFile; fileRef = CBF1C8B52010AC06000F09A6 /* HomeViewInterface.swift */; };
		CBF1C8B82010B099000F09A6 /* SettingsInterface.swift in Sources */ = {isa = PBXBuildFile; fileRef = CBF1C8B72010B099000F09A6 /* SettingsInterface.swift */; };
		CBF1C8FA20166A22000F09A6 /* StoryboardControllers.swift in Sources */ = {isa = PBXBuildFile; fileRef = CBF1C8F920166A21000F09A6 /* StoryboardControllers.swift */; };
		CBF1C8FC20166A59000F09A6 /* Settings.storyboard in Resources */ = {isa = PBXBuildFile; fileRef = CBF1C8FB20166A59000F09A6 /* Settings.storyboard */; };
/* End PBXBuildFile section */

/* Begin PBXContainerItemProxy section */
		CB7C38101FB55216001EE28C /* PBXContainerItemProxy */ = {
			isa = PBXContainerItemProxy;
			containerPortal = CB7C37F11FB55214001EE28C /* Project object */;
			proxyType = 1;
			remoteGlobalIDString = CB7C37F81FB55215001EE28C;
			remoteInfo = Viva1;
		};
		CB7C381B1FB55216001EE28C /* PBXContainerItemProxy */ = {
			isa = PBXContainerItemProxy;
			containerPortal = CB7C37F11FB55214001EE28C /* Project object */;
			proxyType = 1;
			remoteGlobalIDString = CB7C37F81FB55215001EE28C;
			remoteInfo = Viva1;
		};
/* End PBXContainerItemProxy section */

/* Begin PBXFileReference section */
		CB0DC9D51FC2F9FA001C4277 /* Result.swift */ = {isa = PBXFileReference; lastKnownFileType = sourcecode.swift; path = Result.swift; sourceTree = "<group>"; };
		CB0DC9DD1FC34DEF001C4277 /* NetworkResourceType.swift */ = {isa = PBXFileReference; lastKnownFileType = sourcecode.swift; path = NetworkResourceType.swift; sourceTree = "<group>"; };
		CB0DC9DF1FC350A9001C4277 /* JSONResourceType.swift */ = {isa = PBXFileReference; lastKnownFileType = sourcecode.swift; path = JSONResourceType.swift; sourceTree = "<group>"; };
		CB0DC9E11FC351E0001C4277 /* ApiResources.swift */ = {isa = PBXFileReference; lastKnownFileType = sourcecode.swift; path = ApiResources.swift; sourceTree = "<group>"; };
		CB0DC9E31FC35224001C4277 /* Serialization.swift */ = {isa = PBXFileReference; lastKnownFileType = sourcecode.swift; path = Serialization.swift; sourceTree = "<group>"; };
		CB0DC9E51FC3FEE3001C4277 /* NetworkTask.swift */ = {isa = PBXFileReference; lastKnownFileType = sourcecode.swift; path = NetworkTask.swift; sourceTree = "<group>"; };
		CB0DC9E81FC4770C001C4277 /* User.swift */ = {isa = PBXFileReference; lastKnownFileType = sourcecode.swift; path = User.swift; sourceTree = "<group>"; };
		CB0DC9EA1FC47D28001C4277 /* ResourceType.swift */ = {isa = PBXFileReference; lastKnownFileType = sourcecode.swift; path = ResourceType.swift; sourceTree = "<group>"; };
		CB0DCA431FCA83B1001C4277 /* Home.storyboard */ = {isa = PBXFileReference; lastKnownFileType = file.storyboard; path = Home.storyboard; sourceTree = "<group>"; };
		CB0DCA461FCA8402001C4277 /* HomeViewController.swift */ = {isa = PBXFileReference; lastKnownFileType = sourcecode.swift; path = HomeViewController.swift; sourceTree = "<group>"; };
		CB2BB68C1FCAB0B70073D617 /* Collection.storyboard */ = {isa = PBXFileReference; lastKnownFileType = file.storyboard; path = Collection.storyboard; sourceTree = "<group>"; };
		CB2BB68E1FCAB0CC0073D617 /* CollectionViewController.swift */ = {isa = PBXFileReference; lastKnownFileType = sourcecode.swift; path = CollectionViewController.swift; sourceTree = "<group>"; };
		CB2BB6911FCACAE60073D617 /* FlickrSearchResults.swift */ = {isa = PBXFileReference; fileEncoding = 4; lastKnownFileType = sourcecode.swift; path = FlickrSearchResults.swift; sourceTree = "<group>"; };
		CB2BB6921FCACAE60073D617 /* FlickrPhoto.swift */ = {isa = PBXFileReference; fileEncoding = 4; lastKnownFileType = sourcecode.swift; path = FlickrPhoto.swift; sourceTree = "<group>"; };
		CB2BB6931FCACAE60073D617 /* Flickr.swift */ = {isa = PBXFileReference; fileEncoding = 4; lastKnownFileType = sourcecode.swift; path = Flickr.swift; sourceTree = "<group>"; };
		CB2BB6971FCB95780073D617 /* CollectionFlickrCell.swift */ = {isa = PBXFileReference; lastKnownFileType = sourcecode.swift; path = CollectionFlickrCell.swift; sourceTree = "<group>"; };
		CB4774841FBD593C00ED071A /* VivaApi.swift */ = {isa = PBXFileReference; fileEncoding = 4; lastKnownFileType = sourcecode.swift; path = VivaApi.swift; sourceTree = "<group>"; };
		CB7C37F91FB55215001EE28C /* Viva1.app */ = {isa = PBXFileReference; explicitFileType = wrapper.application; includeInIndex = 0; path = Viva1.app; sourceTree = BUILT_PRODUCTS_DIR; };
		CB7C37FC1FB55215001EE28C /* AppDelegate.swift */ = {isa = PBXFileReference; lastKnownFileType = sourcecode.swift; path = AppDelegate.swift; sourceTree = "<group>"; };
		CB7C37FE1FB55215001EE28C /* FirstViewController.swift */ = {isa = PBXFileReference; lastKnownFileType = sourcecode.swift; path = FirstViewController.swift; sourceTree = "<group>"; };
		CB7C38031FB55215001EE28C /* Base */ = {isa = PBXFileReference; lastKnownFileType = file.storyboard; name = Base; path = Base.lproj/Main.storyboard; sourceTree = "<group>"; };
		CB7C38051FB55215001EE28C /* Assets.xcassets */ = {isa = PBXFileReference; lastKnownFileType = folder.assetcatalog; path = Assets.xcassets; sourceTree = "<group>"; };
		CB7C38081FB55215001EE28C /* Base */ = {isa = PBXFileReference; lastKnownFileType = file.storyboard; name = Base; path = Base.lproj/LaunchScreen.storyboard; sourceTree = "<group>"; };
		CB7C380A1FB55215001EE28C /* Info.plist */ = {isa = PBXFileReference; lastKnownFileType = text.plist.xml; path = Info.plist; sourceTree = "<group>"; };
		CB7C380F1FB55216001EE28C /* Viva1Tests.xctest */ = {isa = PBXFileReference; explicitFileType = wrapper.cfbundle; includeInIndex = 0; path = Viva1Tests.xctest; sourceTree = BUILT_PRODUCTS_DIR; };
		CB7C38131FB55216001EE28C /* Viva1Tests.swift */ = {isa = PBXFileReference; lastKnownFileType = sourcecode.swift; path = Viva1Tests.swift; sourceTree = "<group>"; };
		CB7C38151FB55216001EE28C /* Info.plist */ = {isa = PBXFileReference; lastKnownFileType = text.plist.xml; path = Info.plist; sourceTree = "<group>"; };
		CB7C381A1FB55216001EE28C /* Viva1UITests.xctest */ = {isa = PBXFileReference; explicitFileType = wrapper.cfbundle; includeInIndex = 0; path = Viva1UITests.xctest; sourceTree = BUILT_PRODUCTS_DIR; };
		CB7C381E1FB55216001EE28C /* Viva1UITests.swift */ = {isa = PBXFileReference; lastKnownFileType = sourcecode.swift; path = Viva1UITests.swift; sourceTree = "<group>"; };
		CB7C38201FB55216001EE28C /* Info.plist */ = {isa = PBXFileReference; lastKnownFileType = text.plist.xml; path = Info.plist; sourceTree = "<group>"; };
		CBF0433D200E839900DB48AA /* InitialTabBarController.swift */ = {isa = PBXFileReference; lastKnownFileType = sourcecode.swift; path = InitialTabBarController.swift; sourceTree = "<group>"; };
		CBF04342200EEABA00DB48AA /* SettingsViewController.swift */ = {isa = PBXFileReference; lastKnownFileType = sourcecode.swift; path = SettingsViewController.swift; sourceTree = "<group>"; };
		CBF0434820106D0600DB48AA /* MainScript.sh */ = {isa = PBXFileReference; lastKnownFileType = text.script.sh; path = MainScript.sh; sourceTree = "<group>"; };
		CBF0434B20107EDB00DB48AA /* CommonLib.sh */ = {isa = PBXFileReference; lastKnownFileType = text.script.sh; path = CommonLib.sh; sourceTree = "<group>"; };
		CBF0434C2010800F00DB48AA /* Constants.swift */ = {isa = PBXFileReference; lastKnownFileType = sourcecode.swift; path = Constants.swift; sourceTree = "<group>"; };
		CBF1C8B52010AC06000F09A6 /* HomeViewInterface.swift */ = {isa = PBXFileReference; lastKnownFileType = sourcecode.swift; path = HomeViewInterface.swift; sourceTree = "<group>"; };
		CBF1C8B72010B099000F09A6 /* SettingsInterface.swift */ = {isa = PBXFileReference; lastKnownFileType = sourcecode.swift; path = SettingsInterface.swift; sourceTree = "<group>"; };
		CBF1C8B92010C004000F09A6 /* StoryboardControllers.sh */ = {isa = PBXFileReference; lastKnownFileType = text.script.sh; path = StoryboardControllers.sh; sourceTree = "<group>"; };
		CBF1C8F920166A21000F09A6 /* StoryboardControllers.swift */ = {isa = PBXFileReference; fileEncoding = 4; lastKnownFileType = sourcecode.swift; path = StoryboardControllers.swift; sourceTree = "<group>"; };
		CBF1C8FB20166A59000F09A6 /* Settings.storyboard */ = {isa = PBXFileReference; lastKnownFileType = file.storyboard; path = Settings.storyboard; sourceTree = "<group>"; };
/* End PBXFileReference section */

/* Begin PBXFrameworksBuildPhase section */
		CB7C37F61FB55215001EE28C /* Frameworks */ = {
			isa = PBXFrameworksBuildPhase;
			buildActionMask = 2147483647;
			files = (
			);
			runOnlyForDeploymentPostprocessing = 0;
		};
		CB7C380C1FB55216001EE28C /* Frameworks */ = {
			isa = PBXFrameworksBuildPhase;
			buildActionMask = 2147483647;
			files = (
			);
			runOnlyForDeploymentPostprocessing = 0;
		};
		CB7C38171FB55216001EE28C /* Frameworks */ = {
			isa = PBXFrameworksBuildPhase;
			buildActionMask = 2147483647;
			files = (
			);
			runOnlyForDeploymentPostprocessing = 0;
		};
/* End PBXFrameworksBuildPhase section */

/* Begin PBXGroup section */
		CB0DC9D71FC33649001C4277 /* Protocols */ = {
			isa = PBXGroup;
			children = (
				CB0DC9DD1FC34DEF001C4277 /* NetworkResourceType.swift */,
				CB0DC9DF1FC350A9001C4277 /* JSONResourceType.swift */,
				CB0DC9EA1FC47D28001C4277 /* ResourceType.swift */,
			);
			path = Protocols;
			sourceTree = "<group>";
		};
		CB0DC9DC1FC33700001C4277 /* Tasks */ = {
			isa = PBXGroup;
			children = (
				CB0DC9E51FC3FEE3001C4277 /* NetworkTask.swift */,
			);
			path = Tasks;
			sourceTree = "<group>";
		};
		CB0DC9E71FC476FE001C4277 /* Objects */ = {
			isa = PBXGroup;
			children = (
				CB0DC9E81FC4770C001C4277 /* User.swift */,
			);
			path = Objects;
			sourceTree = "<group>";
		};
		CB0DCA451FCA83B6001C4277 /* Home */ = {
			isa = PBXGroup;
			children = (
				CB0DCA431FCA83B1001C4277 /* Home.storyboard */,
				CB0DCA461FCA8402001C4277 /* HomeViewController.swift */,
				CBF1C8B52010AC06000F09A6 /* HomeViewInterface.swift */,
			);
			path = Home;
			sourceTree = "<group>";
		};
		CB2BB68B1FCAB0790073D617 /* CollectionView */ = {
			isa = PBXGroup;
			children = (
				CB2BB68C1FCAB0B70073D617 /* Collection.storyboard */,
				CB2BB68E1FCAB0CC0073D617 /* CollectionViewController.swift */,
				CB2BB6971FCB95780073D617 /* CollectionFlickrCell.swift */,
			);
			path = CollectionView;
			sourceTree = "<group>";
		};
		CB2BB6901FCACAE60073D617 /* FlickrFiles */ = {
			isa = PBXGroup;
			children = (
				CB2BB6911FCACAE60073D617 /* FlickrSearchResults.swift */,
				CB2BB6921FCACAE60073D617 /* FlickrPhoto.swift */,
				CB2BB6931FCACAE60073D617 /* Flickr.swift */,
			);
			name = FlickrFiles;
			path = ../../../Downloads/FlickrFiles;
			sourceTree = "<group>";
		};
		CB7C37F01FB55214001EE28C = {
			isa = PBXGroup;
			children = (
				CB7C37FB1FB55215001EE28C /* Viva1 */,
				CB7C38121FB55216001EE28C /* Viva1Tests */,
				CB7C381D1FB55216001EE28C /* Viva1UITests */,
				CB7C37FA1FB55215001EE28C /* Products */,
			);
			sourceTree = "<group>";
		};
		CB7C37FA1FB55215001EE28C /* Products */ = {
			isa = PBXGroup;
			children = (
				CB7C37F91FB55215001EE28C /* Viva1.app */,
				CB7C380F1FB55216001EE28C /* Viva1Tests.xctest */,
				CB7C381A1FB55216001EE28C /* Viva1UITests.xctest */,
			);
			name = Products;
			sourceTree = "<group>";
		};
		CB7C37FB1FB55215001EE28C /* Viva1 */ = {
			isa = PBXGroup;
			children = (
				CBF0434720106CDC00DB48AA /* Scripts */,
				CBF04344200EEF2400DB48AA /* Constants */,
				CBF0433B200E835400DB48AA /* Root */,
				CBF04340200EEA8200DB48AA /* Features */,
				CB2BB6901FCACAE60073D617 /* FlickrFiles */,
				CB2BB68B1FCAB0790073D617 /* CollectionView */,
				CB0DC9E71FC476FE001C4277 /* Objects */,
				CB0DC9DC1FC33700001C4277 /* Tasks */,
				CB0DC9D71FC33649001C4277 /* Protocols */,
				CB4774841FBD593C00ED071A /* VivaApi.swift */,
				CB7C37FE1FB55215001EE28C /* FirstViewController.swift */,
				CB7C38051FB55215001EE28C /* Assets.xcassets */,
				CB7C380A1FB55215001EE28C /* Info.plist */,
				CB0DC9D51FC2F9FA001C4277 /* Result.swift */,
				CB0DC9E11FC351E0001C4277 /* ApiResources.swift */,
				CB0DC9E31FC35224001C4277 /* Serialization.swift */,
			);
			path = Viva1;
			sourceTree = "<group>";
		};
		CB7C38121FB55216001EE28C /* Viva1Tests */ = {
			isa = PBXGroup;
			children = (
				CB7C38131FB55216001EE28C /* Viva1Tests.swift */,
				CB7C38151FB55216001EE28C /* Info.plist */,
			);
			path = Viva1Tests;
			sourceTree = "<group>";
		};
		CB7C381D1FB55216001EE28C /* Viva1UITests */ = {
			isa = PBXGroup;
			children = (
				CB7C381E1FB55216001EE28C /* Viva1UITests.swift */,
				CB7C38201FB55216001EE28C /* Info.plist */,
			);
			path = Viva1UITests;
			sourceTree = "<group>";
		};
		CBF0433B200E835400DB48AA /* Root */ = {
			isa = PBXGroup;
			children = (
				CB7C37FC1FB55215001EE28C /* AppDelegate.swift */,
				CBF0433D200E839900DB48AA /* InitialTabBarController.swift */,
				CB7C38021FB55215001EE28C /* Main.storyboard */,
				CB7C38071FB55215001EE28C /* LaunchScreen.storyboard */,
			);
			path = Root;
			sourceTree = "<group>";
		};
		CBF04340200EEA8200DB48AA /* Features */ = {
			isa = PBXGroup;
			children = (
				CBF04341200EEAA100DB48AA /* Settings */,
				CB0DCA451FCA83B6001C4277 /* Home */,
			);
			path = Features;
			sourceTree = "<group>";
		};
		CBF04341200EEAA100DB48AA /* Settings */ = {
			isa = PBXGroup;
			children = (
				CBF04342200EEABA00DB48AA /* SettingsViewController.swift */,
				CBF1C8B72010B099000F09A6 /* SettingsInterface.swift */,
				CBF1C8FB20166A59000F09A6 /* Settings.storyboard */,
			);
			path = Settings;
			sourceTree = "<group>";
		};
		CBF04344200EEF2400DB48AA /* Constants */ = {
			isa = PBXGroup;
			children = (
				CBF1C8F920166A21000F09A6 /* StoryboardControllers.swift */,
				CBF0434C2010800F00DB48AA /* Constants.swift */,
			);
			path = Constants;
			sourceTree = "<group>";
		};
		CBF0434720106CDC00DB48AA /* Scripts */ = {
			isa = PBXGroup;
			children = (
				CBF0434820106D0600DB48AA /* MainScript.sh */,
				CBF0434B20107EDB00DB48AA /* CommonLib.sh */,
				CBF1C8B92010C004000F09A6 /* StoryboardControllers.sh */,
			);
			path = Scripts;
			sourceTree = "<group>";
		};
/* End PBXGroup section */

/* Begin PBXNativeTarget section */
		CB7C37F81FB55215001EE28C /* Viva1 */ = {
			isa = PBXNativeTarget;
			buildConfigurationList = CB7C38231FB55216001EE28C /* Build configuration list for PBXNativeTarget "Viva1" */;
			buildPhases = (
				CB7C37F51FB55215001EE28C /* Sources */,
				CB7C37F61FB55215001EE28C /* Frameworks */,
				CB7C37F71FB55215001EE28C /* Resources */,
				CBF1C8B020109BCF000F09A6 /* ShellScript */,
			);
			buildRules = (
			);
			dependencies = (
			);
			name = Viva1;
			productName = Viva1;
			productReference = CB7C37F91FB55215001EE28C /* Viva1.app */;
			productType = "com.apple.product-type.application";
		};
		CB7C380E1FB55216001EE28C /* Viva1Tests */ = {
			isa = PBXNativeTarget;
			buildConfigurationList = CB7C38261FB55216001EE28C /* Build configuration list for PBXNativeTarget "Viva1Tests" */;
			buildPhases = (
				CB7C380B1FB55216001EE28C /* Sources */,
				CB7C380C1FB55216001EE28C /* Frameworks */,
				CB7C380D1FB55216001EE28C /* Resources */,
			);
			buildRules = (
			);
			dependencies = (
				CB7C38111FB55216001EE28C /* PBXTargetDependency */,
			);
			name = Viva1Tests;
			productName = Viva1Tests;
			productReference = CB7C380F1FB55216001EE28C /* Viva1Tests.xctest */;
			productType = "com.apple.product-type.bundle.unit-test";
		};
		CB7C38191FB55216001EE28C /* Viva1UITests */ = {
			isa = PBXNativeTarget;
			buildConfigurationList = CB7C38291FB55216001EE28C /* Build configuration list for PBXNativeTarget "Viva1UITests" */;
			buildPhases = (
				CB7C38161FB55216001EE28C /* Sources */,
				CB7C38171FB55216001EE28C /* Frameworks */,
				CB7C38181FB55216001EE28C /* Resources */,
			);
			buildRules = (
			);
			dependencies = (
				CB7C381C1FB55216001EE28C /* PBXTargetDependency */,
			);
			name = Viva1UITests;
			productName = Viva1UITests;
			productReference = CB7C381A1FB55216001EE28C /* Viva1UITests.xctest */;
			productType = "com.apple.product-type.bundle.ui-testing";
		};
/* End PBXNativeTarget section */

/* Begin PBXProject section */
		CB7C37F11FB55214001EE28C /* Project object */ = {
			isa = PBXProject;
			attributes = {
				LastSwiftUpdateCheck = 0900;
				LastUpgradeCheck = 0900;
				ORGANIZATIONNAME = viva;
				TargetAttributes = {
					CB7C37F81FB55215001EE28C = {
						CreatedOnToolsVersion = 9.0;
						ProvisioningStyle = Automatic;
					};
					CB7C380E1FB55216001EE28C = {
						CreatedOnToolsVersion = 9.0;
						ProvisioningStyle = Automatic;
						TestTargetID = CB7C37F81FB55215001EE28C;
					};
					CB7C38191FB55216001EE28C = {
						CreatedOnToolsVersion = 9.0;
						ProvisioningStyle = Automatic;
						TestTargetID = CB7C37F81FB55215001EE28C;
					};
				};
			};
			buildConfigurationList = CB7C37F41FB55214001EE28C /* Build configuration list for PBXProject "Viva1" */;
			compatibilityVersion = "Xcode 8.0";
			developmentRegion = en;
			hasScannedForEncodings = 0;
			knownRegions = (
				en,
				Base,
			);
			mainGroup = CB7C37F01FB55214001EE28C;
			productRefGroup = CB7C37FA1FB55215001EE28C /* Products */;
			projectDirPath = "";
			projectRoot = "";
			targets = (
				CB7C37F81FB55215001EE28C /* Viva1 */,
				CB7C380E1FB55216001EE28C /* Viva1Tests */,
				CB7C38191FB55216001EE28C /* Viva1UITests */,
			);
		};
/* End PBXProject section */

/* Begin PBXResourcesBuildPhase section */
		CB7C37F71FB55215001EE28C /* Resources */ = {
			isa = PBXResourcesBuildPhase;
			buildActionMask = 2147483647;
			files = (
				CB7C38091FB55215001EE28C /* LaunchScreen.storyboard in Resources */,
				CB7C38061FB55215001EE28C /* Assets.xcassets in Resources */,
				CB7C38041FB55215001EE28C /* Main.storyboard in Resources */,
				CBF1C8FC20166A59000F09A6 /* Settings.storyboard in Resources */,
				CB0DCA441FCA83B1001C4277 /* Home.storyboard in Resources */,
				CB2BB68D1FCAB0B70073D617 /* Collection.storyboard in Resources */,
			);
			runOnlyForDeploymentPostprocessing = 0;
		};
		CB7C380D1FB55216001EE28C /* Resources */ = {
			isa = PBXResourcesBuildPhase;
			buildActionMask = 2147483647;
			files = (
			);
			runOnlyForDeploymentPostprocessing = 0;
		};
		CB7C38181FB55216001EE28C /* Resources */ = {
			isa = PBXResourcesBuildPhase;
			buildActionMask = 2147483647;
			files = (
			);
			runOnlyForDeploymentPostprocessing = 0;
		};
/* End PBXResourcesBuildPhase section */

/* Begin PBXShellScriptBuildPhase section */
		CBF1C8B020109BCF000F09A6 /* ShellScript */ = {
			isa = PBXShellScriptBuildPhase;
			buildActionMask = 2147483647;
			files = (
			);
			inputPaths = (
			);
			outputPaths = (
			);
			runOnlyForDeploymentPostprocessing = 0;
			shellPath = /bin/sh;
			shellScript = "# All run scripts should be called from MainScript.sh\n$SRCROOT/Viva1/Scripts/MainScript.sh";
		};
/* End PBXShellScriptBuildPhase section */

/* Begin PBXSourcesBuildPhase section */
		CB7C37F51FB55215001EE28C /* Sources */ = {
			isa = PBXSourcesBuildPhase;
			buildActionMask = 2147483647;
			files = (
				CB0DC9E91FC4770C001C4277 /* User.swift in Sources */,
				CB2BB6951FCACAE60073D617 /* FlickrPhoto.swift in Sources */,
				CB2BB6941FCACAE60073D617 /* FlickrSearchResults.swift in Sources */,
				CB0DC9D61FC2F9FA001C4277 /* Result.swift in Sources */,
				CB0DC9E01FC350A9001C4277 /* JSONResourceType.swift in Sources */,
				CB4774851FBD593C00ED071A /* VivaApi.swift in Sources */,
				CB2BB68F1FCAB0CC0073D617 /* CollectionViewController.swift in Sources */,
				CB0DC9E41FC35224001C4277 /* Serialization.swift in Sources */,
				CBF04343200EEABA00DB48AA /* SettingsViewController.swift in Sources */,
				CB2BB6981FCB95780073D617 /* CollectionFlickrCell.swift in Sources */,
				CB7C37FD1FB55215001EE28C /* AppDelegate.swift in Sources */,
				CBF0433F200E84DD00DB48AA /* InitialTabBarController.swift in Sources */,
				CB0DC9E21FC351E0001C4277 /* ApiResources.swift in Sources */,
				CB0DC9E61FC3FEE3001C4277 /* NetworkTask.swift in Sources */,
				CB0DC9DE1FC34DEF001C4277 /* NetworkResourceType.swift in Sources */,
				CBF0434D2010801000DB48AA /* Constants.swift in Sources */,
				CBF1C8B62010AC06000F09A6 /* HomeViewInterface.swift in Sources */,
				CB7C37FF1FB55215001EE28C /* FirstViewController.swift in Sources */,
				CB0DCA471FCA8402001C4277 /* HomeViewController.swift in Sources */,
				CBF1C8FA20166A22000F09A6 /* StoryboardControllers.swift in Sources */,
				CB2BB6961FCACAE60073D617 /* Flickr.swift in Sources */,
				CBF1C8B82010B099000F09A6 /* SettingsInterface.swift in Sources */,
				CB0DC9EB1FC47D28001C4277 /* ResourceType.swift in Sources */,
			);
			runOnlyForDeploymentPostprocessing = 0;
		};
		CB7C380B1FB55216001EE28C /* Sources */ = {
			isa = PBXSourcesBuildPhase;
			buildActionMask = 2147483647;
			files = (
				CB7C38141FB55216001EE28C /* Viva1Tests.swift in Sources */,
			);
			runOnlyForDeploymentPostprocessing = 0;
		};
		CB7C38161FB55216001EE28C /* Sources */ = {
			isa = PBXSourcesBuildPhase;
			buildActionMask = 2147483647;
			files = (
				CB7C381F1FB55216001EE28C /* Viva1UITests.swift in Sources */,
			);
			runOnlyForDeploymentPostprocessing = 0;
		};
/* End PBXSourcesBuildPhase section */

/* Begin PBXTargetDependency section */
		CB7C38111FB55216001EE28C /* PBXTargetDependency */ = {
			isa = PBXTargetDependency;
			target = CB7C37F81FB55215001EE28C /* Viva1 */;
			targetProxy = CB7C38101FB55216001EE28C /* PBXContainerItemProxy */;
		};
		CB7C381C1FB55216001EE28C /* PBXTargetDependency */ = {
			isa = PBXTargetDependency;
			target = CB7C37F81FB55215001EE28C /* Viva1 */;
			targetProxy = CB7C381B1FB55216001EE28C /* PBXContainerItemProxy */;
		};
/* End PBXTargetDependency section */

/* Begin PBXVariantGroup section */
		CB7C38021FB55215001EE28C /* Main.storyboard */ = {
			isa = PBXVariantGroup;
			children = (
				CB7C38031FB55215001EE28C /* Base */,
			);
			name = Main.storyboard;
			sourceTree = "<group>";
		};
		CB7C38071FB55215001EE28C /* LaunchScreen.storyboard */ = {
			isa = PBXVariantGroup;
			children = (
				CB7C38081FB55215001EE28C /* Base */,
			);
			name = LaunchScreen.storyboard;
			sourceTree = "<group>";
		};
/* End PBXVariantGroup section */

/* Begin XCBuildConfiguration section */
		CB7C38211FB55216001EE28C /* Debug */ = {
			isa = XCBuildConfiguration;
			buildSettings = {
				ALWAYS_SEARCH_USER_PATHS = NO;
				CLANG_ANALYZER_NONNULL = YES;
				CLANG_ANALYZER_NUMBER_OBJECT_CONVERSION = YES_AGGRESSIVE;
				CLANG_CXX_LANGUAGE_STANDARD = "gnu++14";
				CLANG_CXX_LIBRARY = "libc++";
				CLANG_ENABLE_MODULES = YES;
				CLANG_ENABLE_OBJC_ARC = YES;
				CLANG_WARN_BLOCK_CAPTURE_AUTORELEASING = YES;
				CLANG_WARN_BOOL_CONVERSION = YES;
				CLANG_WARN_COMMA = YES;
				CLANG_WARN_CONSTANT_CONVERSION = YES;
				CLANG_WARN_DIRECT_OBJC_ISA_USAGE = YES_ERROR;
				CLANG_WARN_DOCUMENTATION_COMMENTS = YES;
				CLANG_WARN_EMPTY_BODY = YES;
				CLANG_WARN_ENUM_CONVERSION = YES;
				CLANG_WARN_INFINITE_RECURSION = YES;
				CLANG_WARN_INT_CONVERSION = YES;
				CLANG_WARN_NON_LITERAL_NULL_CONVERSION = YES;
				CLANG_WARN_OBJC_LITERAL_CONVERSION = YES;
				CLANG_WARN_OBJC_ROOT_CLASS = YES_ERROR;
				CLANG_WARN_RANGE_LOOP_ANALYSIS = YES;
				CLANG_WARN_STRICT_PROTOTYPES = YES;
				CLANG_WARN_SUSPICIOUS_MOVE = YES;
				CLANG_WARN_UNGUARDED_AVAILABILITY = YES_AGGRESSIVE;
				CLANG_WARN_UNREACHABLE_CODE = YES;
				CLANG_WARN__DUPLICATE_METHOD_MATCH = YES;
				CODE_SIGN_IDENTITY = "iPhone Developer";
				COPY_PHASE_STRIP = NO;
				DEBUG_INFORMATION_FORMAT = dwarf;
				ENABLE_STRICT_OBJC_MSGSEND = YES;
				ENABLE_TESTABILITY = YES;
				GCC_C_LANGUAGE_STANDARD = gnu11;
				GCC_DYNAMIC_NO_PIC = NO;
				GCC_NO_COMMON_BLOCKS = YES;
				GCC_OPTIMIZATION_LEVEL = 0;
				GCC_PREPROCESSOR_DEFINITIONS = (
					"DEBUG=1",
					"$(inherited)",
				);
				GCC_WARN_64_TO_32_BIT_CONVERSION = YES;
				GCC_WARN_ABOUT_RETURN_TYPE = YES_ERROR;
				GCC_WARN_UNDECLARED_SELECTOR = YES;
				GCC_WARN_UNINITIALIZED_AUTOS = YES_AGGRESSIVE;
				GCC_WARN_UNUSED_FUNCTION = YES;
				GCC_WARN_UNUSED_VARIABLE = YES;
				IPHONEOS_DEPLOYMENT_TARGET = 11.0;
				MTL_ENABLE_DEBUG_INFO = YES;
				ONLY_ACTIVE_ARCH = YES;
				SDKROOT = iphoneos;
				SWIFT_ACTIVE_COMPILATION_CONDITIONS = DEBUG;
				SWIFT_OPTIMIZATION_LEVEL = "-Onone";
			};
			name = Debug;
		};
		CB7C38221FB55216001EE28C /* Release */ = {
			isa = XCBuildConfiguration;
			buildSettings = {
				ALWAYS_SEARCH_USER_PATHS = NO;
				CLANG_ANALYZER_NONNULL = YES;
				CLANG_ANALYZER_NUMBER_OBJECT_CONVERSION = YES_AGGRESSIVE;
				CLANG_CXX_LANGUAGE_STANDARD = "gnu++14";
				CLANG_CXX_LIBRARY = "libc++";
				CLANG_ENABLE_MODULES = YES;
				CLANG_ENABLE_OBJC_ARC = YES;
				CLANG_WARN_BLOCK_CAPTURE_AUTORELEASING = YES;
				CLANG_WARN_BOOL_CONVERSION = YES;
				CLANG_WARN_COMMA = YES;
				CLANG_WARN_CONSTANT_CONVERSION = YES;
				CLANG_WARN_DIRECT_OBJC_ISA_USAGE = YES_ERROR;
				CLANG_WARN_DOCUMENTATION_COMMENTS = YES;
				CLANG_WARN_EMPTY_BODY = YES;
				CLANG_WARN_ENUM_CONVERSION = YES;
				CLANG_WARN_INFINITE_RECURSION = YES;
				CLANG_WARN_INT_CONVERSION = YES;
				CLANG_WARN_NON_LITERAL_NULL_CONVERSION = YES;
				CLANG_WARN_OBJC_LITERAL_CONVERSION = YES;
				CLANG_WARN_OBJC_ROOT_CLASS = YES_ERROR;
				CLANG_WARN_RANGE_LOOP_ANALYSIS = YES;
				CLANG_WARN_STRICT_PROTOTYPES = YES;
				CLANG_WARN_SUSPICIOUS_MOVE = YES;
				CLANG_WARN_UNGUARDED_AVAILABILITY = YES_AGGRESSIVE;
				CLANG_WARN_UNREACHABLE_CODE = YES;
				CLANG_WARN__DUPLICATE_METHOD_MATCH = YES;
				CODE_SIGN_IDENTITY = "iPhone Developer";
				COPY_PHASE_STRIP = NO;
				DEBUG_INFORMATION_FORMAT = "dwarf-with-dsym";
				ENABLE_NS_ASSERTIONS = NO;
				ENABLE_STRICT_OBJC_MSGSEND = YES;
				GCC_C_LANGUAGE_STANDARD = gnu11;
				GCC_NO_COMMON_BLOCKS = YES;
				GCC_WARN_64_TO_32_BIT_CONVERSION = YES;
				GCC_WARN_ABOUT_RETURN_TYPE = YES_ERROR;
				GCC_WARN_UNDECLARED_SELECTOR = YES;
				GCC_WARN_UNINITIALIZED_AUTOS = YES_AGGRESSIVE;
				GCC_WARN_UNUSED_FUNCTION = YES;
				GCC_WARN_UNUSED_VARIABLE = YES;
				IPHONEOS_DEPLOYMENT_TARGET = 11.0;
				MTL_ENABLE_DEBUG_INFO = NO;
				SDKROOT = iphoneos;
				SWIFT_OPTIMIZATION_LEVEL = "-Owholemodule";
				VALIDATE_PRODUCT = YES;
			};
			name = Release;
		};
		CB7C38241FB55216001EE28C /* Debug */ = {
			isa = XCBuildConfiguration;
			buildSettings = {
				ASSETCATALOG_COMPILER_APPICON_NAME = AppIcon;
				CODE_SIGN_STYLE = Automatic;
				DEVELOPMENT_TEAM = UVB2ZZ736E;
				INFOPLIST_FILE = Viva1/Info.plist;
				IPHONEOS_DEPLOYMENT_TARGET = 10.0;
				LD_RUNPATH_SEARCH_PATHS = "$(inherited) @executable_path/Frameworks";
				PRODUCT_BUNDLE_IDENTIFIER = com.viva.Viva1;
				PRODUCT_NAME = "$(TARGET_NAME)";
				SWIFT_VERSION = 4.0;
				TARGETED_DEVICE_FAMILY = "1,2";
			};
			name = Debug;
		};
		CB7C38251FB55216001EE28C /* Release */ = {
			isa = XCBuildConfiguration;
			buildSettings = {
				ASSETCATALOG_COMPILER_APPICON_NAME = AppIcon;
				CODE_SIGN_STYLE = Automatic;
				DEVELOPMENT_TEAM = UVB2ZZ736E;
				INFOPLIST_FILE = Viva1/Info.plist;
				IPHONEOS_DEPLOYMENT_TARGET = 10.0;
				LD_RUNPATH_SEARCH_PATHS = "$(inherited) @executable_path/Frameworks";
				PRODUCT_BUNDLE_IDENTIFIER = com.viva.Viva1;
				PRODUCT_NAME = "$(TARGET_NAME)";
				SWIFT_VERSION = 4.0;
				TARGETED_DEVICE_FAMILY = "1,2";
			};
			name = Release;
		};
		CB7C38271FB55216001EE28C /* Debug */ = {
			isa = XCBuildConfiguration;
			buildSettings = {
				ALWAYS_EMBED_SWIFT_STANDARD_LIBRARIES = YES;
				BUNDLE_LOADER = "$(TEST_HOST)";
				CODE_SIGN_STYLE = Automatic;
				DEVELOPMENT_TEAM = UVB2ZZ736E;
				INFOPLIST_FILE = Viva1Tests/Info.plist;
				LD_RUNPATH_SEARCH_PATHS = "$(inherited) @executable_path/Frameworks @loader_path/Frameworks";
				PRODUCT_BUNDLE_IDENTIFIER = com.viva.Viva1Tests;
				PRODUCT_NAME = "$(TARGET_NAME)";
				SWIFT_VERSION = 4.0;
				TARGETED_DEVICE_FAMILY = "1,2";
				TEST_HOST = "$(BUILT_PRODUCTS_DIR)/Viva1.app/Viva1";
			};
			name = Debug;
		};
		CB7C38281FB55216001EE28C /* Release */ = {
			isa = XCBuildConfiguration;
			buildSettings = {
				ALWAYS_EMBED_SWIFT_STANDARD_LIBRARIES = YES;
				BUNDLE_LOADER = "$(TEST_HOST)";
				CODE_SIGN_STYLE = Automatic;
				DEVELOPMENT_TEAM = UVB2ZZ736E;
				INFOPLIST_FILE = Viva1Tests/Info.plist;
				LD_RUNPATH_SEARCH_PATHS = "$(inherited) @executable_path/Frameworks @loader_path/Frameworks";
				PRODUCT_BUNDLE_IDENTIFIER = com.viva.Viva1Tests;
				PRODUCT_NAME = "$(TARGET_NAME)";
				SWIFT_VERSION = 4.0;
				TARGETED_DEVICE_FAMILY = "1,2";
				TEST_HOST = "$(BUILT_PRODUCTS_DIR)/Viva1.app/Viva1";
			};
			name = Release;
		};
		CB7C382A1FB55216001EE28C /* Debug */ = {
			isa = XCBuildConfiguration;
			buildSettings = {
				ALWAYS_EMBED_SWIFT_STANDARD_LIBRARIES = YES;
				CODE_SIGN_STYLE = Automatic;
				DEVELOPMENT_TEAM = UVB2ZZ736E;
				INFOPLIST_FILE = Viva1UITests/Info.plist;
				LD_RUNPATH_SEARCH_PATHS = "$(inherited) @executable_path/Frameworks @loader_path/Frameworks";
				PRODUCT_BUNDLE_IDENTIFIER = com.viva.Viva1UITests;
				PRODUCT_NAME = "$(TARGET_NAME)";
				SWIFT_VERSION = 4.0;
				TARGETED_DEVICE_FAMILY = "1,2";
				TEST_TARGET_NAME = Viva1;
			};
			name = Debug;
		};
		CB7C382B1FB55216001EE28C /* Release */ = {
			isa = XCBuildConfiguration;
			buildSettings = {
				ALWAYS_EMBED_SWIFT_STANDARD_LIBRARIES = YES;
				CODE_SIGN_STYLE = Automatic;
				DEVELOPMENT_TEAM = UVB2ZZ736E;
				INFOPLIST_FILE = Viva1UITests/Info.plist;
				LD_RUNPATH_SEARCH_PATHS = "$(inherited) @executable_path/Frameworks @loader_path/Frameworks";
				PRODUCT_BUNDLE_IDENTIFIER = com.viva.Viva1UITests;
				PRODUCT_NAME = "$(TARGET_NAME)";
				SWIFT_VERSION = 4.0;
				TARGETED_DEVICE_FAMILY = "1,2";
				TEST_TARGET_NAME = Viva1;
			};
			name = Release;
		};
/* End XCBuildConfiguration section */

/* Begin XCConfigurationList section */
		CB7C37F41FB55214001EE28C /* Build configuration list for PBXProject "Viva1" */ = {
			isa = XCConfigurationList;
			buildConfigurations = (
				CB7C38211FB55216001EE28C /* Debug */,
				CB7C38221FB55216001EE28C /* Release */,
			);
			defaultConfigurationIsVisible = 0;
			defaultConfigurationName = Release;
		};
		CB7C38231FB55216001EE28C /* Build configuration list for PBXNativeTarget "Viva1" */ = {
			isa = XCConfigurationList;
			buildConfigurations = (
				CB7C38241FB55216001EE28C /* Debug */,
				CB7C38251FB55216001EE28C /* Release */,
			);
			defaultConfigurationIsVisible = 0;
			defaultConfigurationName = Release;
		};
		CB7C38261FB55216001EE28C /* Build configuration list for PBXNativeTarget "Viva1Tests" */ = {
			isa = XCConfigurationList;
			buildConfigurations = (
				CB7C38271FB55216001EE28C /* Debug */,
				CB7C38281FB55216001EE28C /* Release */,
			);
			defaultConfigurationIsVisible = 0;
			defaultConfigurationName = Release;
		};
		CB7C38291FB55216001EE28C /* Build configuration list for PBXNativeTarget "Viva1UITests" */ = {
			isa = XCConfigurationList;
			buildConfigurations = (
				CB7C382A1FB55216001EE28C /* Debug */,
				CB7C382B1FB55216001EE28C /* Release */,
			);
			defaultConfigurationIsVisible = 0;
			defaultConfigurationName = Release;
		};
/* End XCConfigurationList section */
	};
	rootObject = CB7C37F11FB55214001EE28C /* Project object */;
}
